
Microsoft Visual Studio Solution File, Format Version 12.00
# Visual Studio Version 17
VisualStudioVersion = 17.8.34309.116
MinimumVisualStudioVersion = 10.0.40219.1
Project("{FAE04EC0-301F-11D3-BF4B-00C04F79EFBC}") = "WebApplication1", "WebApplication1\WebApplication1.csproj", "{2460B259-3EEB-4D1D-84B6-A28B39BD4DC3}"
EndProject
Global
	GlobalSection(SolutionConfigurationPlatforms) = preSolution
		Debug|Any CPU = Debug|Any CPU
		Release|Any CPU = Release|Any CPU
	EndGlobalSection
	GlobalSection(ProjectConfigurationPlatforms) = postSolution
		{2460B259-3EEB-4D1D-84B6-A28B39BD4DC3}.Debug|Any CPU.ActiveCfg = Debug|Any CPU
		{2460B259-3EEB-4D1D-84B6-A28B39BD4DC3}.Debug|Any CPU.Build.0 = Debug|Any CPU
		{2460B259-3EEB-4D1D-84B6-A28B39BD4DC3}.Release|Any CPU.ActiveCfg = Release|Any CPU
		{2460B259-3EEB-4D1D-84B6-A28B39BD4DC3}.Release|Any CPU.Build.0 = Release|Any CPU
	EndGlobalSection
	GlobalSection(SolutionProperties) = preSolution
		HideSolutionNode = FALSE
	EndGlobalSection
	GlobalSection(ExtensibilityGlobals) = postSolution
		SolutionGuid = {2D15B785-8BAD-4B92-A3F7-0BA6BD99AFE5}
	EndGlobalSection
EndGlobal
